
Microsoft Visual Studio Solution File, Format Version 12.00
# Visual Studio 15
VisualStudioVersion = 15.0.28307.852
MinimumVisualStudioVersion = 10.0.40219.1
Project("{9A19103F-16F7-4668-BE54-9A1E7A4F7556}") = "REST_API", "REST API\REST_API.csproj", "{2997B5D4-6422-4734-98B3-D4717FB41CB4}"
EndProject
Global
	GlobalSection(SolutionConfigurationPlatforms) = preSolution
		Debug|Any CPU = Debug|Any CPU
		Release|Any CPU = Release|Any CPU
	EndGlobalSection
	GlobalSection(ProjectConfigurationPlatforms) = postSolution
		{2997B5D4-6422-4734-98B3-D4717FB41CB4}.Debug|Any CPU.ActiveCfg = Debug|Any CPU
		{2997B5D4-6422-4734-98B3-D4717FB41CB4}.Debug|Any CPU.Build.0 = Debug|Any CPU
		{2997B5D4-6422-4734-98B3-D4717FB41CB4}.Release|Any CPU.ActiveCfg = Release|Any CPU
		{2997B5D4-6422-4734-98B3-D4717FB41CB4}.Release|Any CPU.Build.0 = Release|Any CPU
	EndGlobalSection
	GlobalSection(SolutionProperties) = preSolution
		HideSolutionNode = FALSE
	EndGlobalSection
	GlobalSection(ExtensibilityGlobals) = postSolution
		SolutionGuid = {F9956632-B44B-4F87-A3CE-32D61DE804FC}
	EndGlobalSection
EndGlobal
